
Microsoft Visual Studio Solution File, Format Version 12.00
# Visual Studio Version 16
VisualStudioVersion = 16.0.31205.134
MinimumVisualStudioVersion = 10.0.40219.1
Project("{9A19103F-16F7-4668-BE54-9A1E7A4F7556}") = "DataLayer", "DataLayer\DataLayer.csproj", "{BFD3972D-B3F5-456C-9B6F-3AF7E19DFBE5}"
EndProject
Project("{9A19103F-16F7-4668-BE54-9A1E7A4F7556}") = "Common", "Common\Common.csproj", "{F2E48E18-0851-4083-ADC3-1764568EC0AE}"
EndProject
Project("{9A19103F-16F7-4668-BE54-9A1E7A4F7556}") = "infrastructure", "infrastructure\infrastructure.csproj", "{FC6193E0-B004-48F2-842A-81BC0DDE44E6}"
EndProject
Project("{FAE04EC0-301F-11D3-BF4B-00C04F79EFBC}") = "NewsProject", "NewsProject\NewsProject.csproj", "{C852A1CA-740E-4551-B107-9B31B12922B4}"
EndProject
Global
	GlobalSection(SolutionConfigurationPlatforms) = preSolution
		Debug|Any CPU = Debug|Any CPU
		Release|Any CPU = Release|Any CPU
	EndGlobalSection
	GlobalSection(ProjectConfigurationPlatforms) = postSolution
		{BFD3972D-B3F5-456C-9B6F-3AF7E19DFBE5}.Debug|Any CPU.ActiveCfg = Debug|Any CPU
		{BFD3972D-B3F5-456C-9B6F-3AF7E19DFBE5}.Debug|Any CPU.Build.0 = Debug|Any CPU
		{BFD3972D-B3F5-456C-9B6F-3AF7E19DFBE5}.Release|Any CPU.ActiveCfg = Release|Any CPU
		{BFD3972D-B3F5-456C-9B6F-3AF7E19DFBE5}.Release|Any CPU.Build.0 = Release|Any CPU
		{F2E48E18-0851-4083-ADC3-1764568EC0AE}.Debug|Any CPU.ActiveCfg = Debug|Any CPU
		{F2E48E18-0851-4083-ADC3-1764568EC0AE}.Debug|Any CPU.Build.0 = Debug|Any CPU
		{F2E48E18-0851-4083-ADC3-1764568EC0AE}.Release|Any CPU.ActiveCfg = Release|Any CPU
		{F2E48E18-0851-4083-ADC3-1764568EC0AE}.Release|Any CPU.Build.0 = Release|Any CPU
		{FC6193E0-B004-48F2-842A-81BC0DDE44E6}.Debug|Any CPU.ActiveCfg = Debug|Any CPU
		{FC6193E0-B004-48F2-842A-81BC0DDE44E6}.Debug|Any CPU.Build.0 = Debug|Any CPU
		{FC6193E0-B004-48F2-842A-81BC0DDE44E6}.Release|Any CPU.ActiveCfg = Release|Any CPU
		{FC6193E0-B004-48F2-842A-81BC0DDE44E6}.Release|Any CPU.Build.0 = Release|Any CPU
		{C852A1CA-740E-4551-B107-9B31B12922B4}.Debug|Any CPU.ActiveCfg = Debug|Any CPU
		{C852A1CA-740E-4551-B107-9B31B12922B4}.Debug|Any CPU.Build.0 = Debug|Any CPU
		{C852A1CA-740E-4551-B107-9B31B12922B4}.Release|Any CPU.ActiveCfg = Release|Any CPU
		{C852A1CA-740E-4551-B107-9B31B12922B4}.Release|Any CPU.Build.0 = Release|Any CPU
	EndGlobalSection
	GlobalSection(SolutionProperties) = preSolution
		HideSolutionNode = FALSE
	EndGlobalSection
	GlobalSection(ExtensibilityGlobals) = postSolution
		SolutionGuid = {79CCC4EB-19B9-44B4-BD2D-6B461BE3D4FD}
	EndGlobalSection
EndGlobal
